{
  "version": 4,
  "terraform_version": "1.0.2",
  "serial": 174,
  "lineage": "72ec9ae7-bab9-cca8-bab9-3f652de6e1fe",
  "outputs": {},
  "resources": [
    {
      "mode": "data",
      "type": "google_iam_policy",
      "name": "noauth",
      "provider": "provider[\"registry.terraform.io/hashicorp/google\"]",
      "instances": [
        {
          "schema_version": 0,
          "attributes": {
            "audit_config": null,
            "binding": [
              {
                "members": [
                  "allUsers"
                ],
                "role": "roles/run.invoker"
              }
            ],
            "id": "3450855414",
            "policy_data": "{\"bindings\":[{\"members\":[\"allUsers\"],\"role\":\"roles/run.invoker\"}]}"
          },
          "sensitive_attributes": []
        }
      ]
    },
    {
      "mode": "managed",
      "type": "google_cloud_run_service",
      "name": "default",
      "provider": "provider[\"registry.terraform.io/hashicorp/google\"]",
      "instances": [
        {
          "schema_version": 0,
          "attributes": {
            "id": "locations/us-central1/namespaces/roi-takeoff-user92/services/pets-srv",
            "location": "us-central1",
            "metadata": [
              {
                "annotations": {
                  "run.googleapis.com/ingress": "all",
                  "run.googleapis.com/ingress-status": "all",
                  "serving.knative.dev/creator": "superuser-sa@roi-takeoff-user92.iam.gserviceaccount.com",
                  "serving.knative.dev/lastModifier": "superuser-sa@roi-takeoff-user92.iam.gserviceaccount.com"
                },
                "generation": 1,
                "labels": {
                  "cloud.googleapis.com/location": "us-central1"
                },
                "namespace": "roi-takeoff-user92",
                "resource_version": "AAXNEysnhb0",
                "self_link": "/apis/serving.knative.dev/v1/namespaces/685036806745/services/pets-srv",
                "uid": "50642c93-f7cb-4ace-b79a-a2c7b054ceba"
              }
            ],
            "name": "pets-srv",
            "project": "roi-takeoff-user92",
            "status": [
              {
                "conditions": [
                  {
                    "message": "",
                    "reason": "",
                    "status": "True",
                    "type": "Ready"
                  },
                  {
                    "message": "",
                    "reason": "",
                    "status": "True",
                    "type": "ConfigurationsReady"
                  },
                  {
                    "message": "",
                    "reason": "",
                    "status": "True",
                    "type": "RoutesReady"
                  }
                ],
                "latest_created_revision_name": "pets-srv-bhtrw",
                "latest_ready_revision_name": "pets-srv-bhtrw",
                "observed_generation": 1,
                "url": "https://pets-srv-5vtgogttua-uc.a.run.app"
              }
            ],
            "template": [
              {
                "metadata": [
                  {
                    "annotations": {
                      "autoscaling.knative.dev/maxScale": "100"
                    },
                    "generation": 0,
                    "labels": {},
                    "name": "",
                    "namespace": "",
                    "resource_version": "",
                    "self_link": "",
                    "uid": ""
                  }
                ],
                "spec": [
                  {
                    "container_concurrency": 80,
                    "containers": [
                      {
                        "args": [],
                        "command": [],
                        "env": [
                          {
                            "name": "GOOGLE_CLOUD_PROJECT",
                            "value": "roi-takeoff-user92"
                          }
                        ],
                        "env_from": [],
                        "image": "gcr.io/roi-takeoff-user92/go-pets:latest",
                        "resources": [
                          {
                            "limits": {
                              "cpu": "1000m",
                              "memory": "512Mi"
                            },
                            "requests": {}
                          }
                        ],
                        "working_dir": ""
                      }
                    ],
                    "service_account_name": "",
                    "serving_state": ""
                  }
                ]
              }
            ],
            "timeouts": null,
            "traffic": [
              {
                "latest_revision": true,
                "percent": 100,
                "revision_name": ""
              }
            ]
          },
          "sensitive_attributes": [],
          "private": "eyJlMmJmYjczMC1lY2FhLTExZTYtOGY4OC0zNDM2M2JjN2M0YzAiOnsiY3JlYXRlIjozNjAwMDAwMDAwMDAsImRlbGV0ZSI6MjQwMDAwMDAwMDAwLCJ1cGRhdGUiOjM2MDAwMDAwMDAwMH19",
          "dependencies": [
            "google_project_service.run"
          ]
        }
      ]
    },
    {
      "mode": "managed",
      "type": "google_cloud_run_service_iam_policy",
      "name": "noauth",
      "provider": "provider[\"registry.terraform.io/hashicorp/google\"]",
      "instances": [
        {
          "schema_version": 0,
          "attributes": {
            "etag": "BwXNErGsudA=",
            "id": "v1/projects/roi-takeoff-user92/locations/us-central1/services/pets-srv",
            "location": "us-central1",
            "policy_data": "{\"bindings\":[{\"members\":[\"allUsers\"],\"role\":\"roles/run.invoker\"}]}",
            "project": "roi-takeoff-user92",
            "service": "v1/projects/roi-takeoff-user92/locations/us-central1/services/pets-srv"
          },
          "sensitive_attributes": [],
          "private": "bnVsbA==",
          "dependencies": [
            "data.google_iam_policy.noauth",
            "google_cloud_run_service.default",
            "google_project_service.run"
          ]
        }
      ]
    },
    {
      "mode": "managed",
      "type": "google_project_iam_binding",
      "name": "service_permissions",
      "provider": "provider[\"registry.terraform.io/hashicorp/google\"]",
      "instances": [
        {
          "index_key": "appengine.appAdmin",
          "schema_version": 0,
          "attributes": {
            "etag": "BwXNEnyQ90I=",
            "id": "roi-takeoff-user92/roles/appengine.appAdmin",
            "members": [
              "serviceAccount:tf-gen-sa@roi-takeoff-user92.iam.gserviceaccount.com"
            ],
            "project": "roi-takeoff-user92",
            "role": "roles/appengine.appAdmin"
          },
          "sensitive_attributes": [],
          "private": "bnVsbA==",
          "dependencies": [
            "google_project_service.crm",
            "google_project_service.iam",
            "google_service_account.tf_gen_sa"
          ]
        },
        {
          "index_key": "datastore.owner",
          "schema_version": 0,
          "attributes": {
            "etag": "BwXNEnyQ90I=",
            "id": "roi-takeoff-user92/roles/datastore.owner",
            "members": [
              "serviceAccount:tf-gen-sa@roi-takeoff-user92.iam.gserviceaccount.com"
            ],
            "project": "roi-takeoff-user92",
            "role": "roles/datastore.owner"
          },
          "sensitive_attributes": [],
          "private": "bnVsbA==",
          "dependencies": [
            "google_project_service.crm",
            "google_project_service.iam",
            "google_service_account.tf_gen_sa"
          ]
        },
        {
          "index_key": "run.admin",
          "schema_version": 0,
          "attributes": {
            "etag": "BwXNEnyQ90I=",
            "id": "roi-takeoff-user92/roles/run.admin",
            "members": [
              "serviceAccount:tf-gen-sa@roi-takeoff-user92.iam.gserviceaccount.com"
            ],
            "project": "roi-takeoff-user92",
            "role": "roles/run.admin"
          },
          "sensitive_attributes": [],
          "private": "bnVsbA==",
          "dependencies": [
            "google_project_service.iam",
            "google_service_account.tf_gen_sa",
            "google_project_service.crm"
          ]
        }
      ]
    },
    {
      "mode": "managed",
      "type": "google_project_service",
      "name": "cloudapis",
      "provider": "provider[\"registry.terraform.io/hashicorp/google\"]",
      "instances": [
        {
          "schema_version": 0,
          "attributes": {
            "disable_dependent_services": true,
            "disable_on_destroy": false,
            "id": "roi-takeoff-user92/cloudapis.googleapis.com",
            "project": "roi-takeoff-user92",
            "service": "cloudapis.googleapis.com",
            "timeouts": null
          },
          "sensitive_attributes": [],
          "private": "eyJlMmJmYjczMC1lY2FhLTExZTYtOGY4OC0zNDM2M2JjN2M0YzAiOnsiY3JlYXRlIjoxMjAwMDAwMDAwMDAwLCJkZWxldGUiOjEyMDAwMDAwMDAwMDAsInJlYWQiOjYwMDAwMDAwMDAwMCwidXBkYXRlIjoxMjAwMDAwMDAwMDAwfX0=",
          "dependencies": [
            "google_project_service.datastore",
            "google_project_service.crm"
          ]
        }
      ]
    },
    {
      "mode": "managed",
      "type": "google_project_service",
      "name": "cloudbuild",
      "provider": "provider[\"registry.terraform.io/hashicorp/google\"]",
      "instances": [
        {
          "schema_version": 0,
          "attributes": {
            "disable_dependent_services": true,
            "disable_on_destroy": false,
            "id": "roi-takeoff-user92/cloudbuild.googleapis.com",
            "project": "roi-takeoff-user92",
            "service": "cloudbuild.googleapis.com",
            "timeouts": null
          },
          "sensitive_attributes": [],
          "private": "eyJlMmJmYjczMC1lY2FhLTExZTYtOGY4OC0zNDM2M2JjN2M0YzAiOnsiY3JlYXRlIjoxMjAwMDAwMDAwMDAwLCJkZWxldGUiOjEyMDAwMDAwMDAwMDAsInJlYWQiOjYwMDAwMDAwMDAwMCwidXBkYXRlIjoxMjAwMDAwMDAwMDAwfX0="
        }
      ]
    },
    {
      "mode": "managed",
      "type": "google_project_service",
      "name": "cloudtrace",
      "provider": "provider[\"registry.terraform.io/hashicorp/google\"]",
      "instances": [
        {
          "schema_version": 0,
          "attributes": {
            "disable_dependent_services": true,
            "disable_on_destroy": false,
            "id": "roi-takeoff-user92/cloudtrace.googleapis.com",
            "project": "roi-takeoff-user92",
            "service": "cloudtrace.googleapis.com",
            "timeouts": null
          },
          "sensitive_attributes": [],
          "private": "eyJlMmJmYjczMC1lY2FhLTExZTYtOGY4OC0zNDM2M2JjN2M0YzAiOnsiY3JlYXRlIjoxMjAwMDAwMDAwMDAwLCJkZWxldGUiOjEyMDAwMDAwMDAwMDAsInJlYWQiOjYwMDAwMDAwMDAwMCwidXBkYXRlIjoxMjAwMDAwMDAwMDAwfX0=",
          "dependencies": [
            "google_project_service.crm"
          ]
        }
      ]
    },
    {
      "mode": "managed",
      "type": "google_project_service",
      "name": "compute",
      "provider": "provider[\"registry.terraform.io/hashicorp/google\"]",
      "instances": [
        {
          "schema_version": 0,
          "attributes": {
            "disable_dependent_services": true,
            "disable_on_destroy": false,
            "id": "roi-takeoff-user92/compute.googleapis.com",
            "project": "roi-takeoff-user92",
            "service": "compute.googleapis.com",
            "timeouts": null
          },
          "sensitive_attributes": [],
          "private": "eyJlMmJmYjczMC1lY2FhLTExZTYtOGY4OC0zNDM2M2JjN2M0YzAiOnsiY3JlYXRlIjoxMjAwMDAwMDAwMDAwLCJkZWxldGUiOjEyMDAwMDAwMDAwMDAsInJlYWQiOjYwMDAwMDAwMDAwMCwidXBkYXRlIjoxMjAwMDAwMDAwMDAwfX0=",
          "dependencies": [
            "google_project_service.crm"
          ]
        }
      ]
    },
    {
      "mode": "managed",
      "type": "google_project_service",
      "name": "container_registry",
      "provider": "provider[\"registry.terraform.io/hashicorp/google\"]",
      "instances": [
        {
          "schema_version": 0,
          "attributes": {
            "disable_dependent_services": true,
            "disable_on_destroy": false,
            "id": "roi-takeoff-user92/containerregistry.googleapis.com",
            "project": "roi-takeoff-user92",
            "service": "containerregistry.googleapis.com",
            "timeouts": null
          },
          "sensitive_attributes": [],
          "private": "eyJlMmJmYjczMC1lY2FhLTExZTYtOGY4OC0zNDM2M2JjN2M0YzAiOnsiY3JlYXRlIjoxMjAwMDAwMDAwMDAwLCJkZWxldGUiOjEyMDAwMDAwMDAwMDAsInJlYWQiOjYwMDAwMDAwMDAwMCwidXBkYXRlIjoxMjAwMDAwMDAwMDAwfX0=",
          "dependencies": [
            "google_project_service.crm"
          ]
        }
      ]
    },
    {
      "mode": "managed",
      "type": "google_project_service",
      "name": "crm",
      "provider": "provider[\"registry.terraform.io/hashicorp/google\"]",
      "instances": [
        {
          "schema_version": 0,
          "attributes": {
            "disable_dependent_services": true,
            "disable_on_destroy": false,
            "id": "roi-takeoff-user92/cloudresourcemanager.googleapis.com",
            "project": "roi-takeoff-user92",
            "service": "cloudresourcemanager.googleapis.com",
            "timeouts": null
          },
          "sensitive_attributes": [],
          "private": "eyJlMmJmYjczMC1lY2FhLTExZTYtOGY4OC0zNDM2M2JjN2M0YzAiOnsiY3JlYXRlIjoxMjAwMDAwMDAwMDAwLCJkZWxldGUiOjEyMDAwMDAwMDAwMDAsInJlYWQiOjYwMDAwMDAwMDAwMCwidXBkYXRlIjoxMjAwMDAwMDAwMDAwfX0="
        }
      ]
    },
    {
      "mode": "managed",
      "type": "google_project_service",
      "name": "datastore",
      "provider": "provider[\"registry.terraform.io/hashicorp/google\"]",
      "instances": [
        {
          "schema_version": 0,
          "attributes": {
            "disable_dependent_services": true,
            "disable_on_destroy": false,
            "id": "roi-takeoff-user92/datastore.googleapis.com",
            "project": "roi-takeoff-user92",
            "service": "datastore.googleapis.com",
            "timeouts": null
          },
          "sensitive_attributes": [],
          "private": "eyJlMmJmYjczMC1lY2FhLTExZTYtOGY4OC0zNDM2M2JjN2M0YzAiOnsiY3JlYXRlIjoxMjAwMDAwMDAwMDAwLCJkZWxldGUiOjEyMDAwMDAwMDAwMDAsInJlYWQiOjYwMDAwMDAwMDAwMCwidXBkYXRlIjoxMjAwMDAwMDAwMDAwfX0=",
          "dependencies": [
            "google_project_service.crm"
          ]
        }
      ]
    },
    {
      "mode": "managed",
      "type": "google_project_service",
      "name": "iam",
      "provider": "provider[\"registry.terraform.io/hashicorp/google\"]",
      "instances": [
        {
          "schema_version": 0,
          "attributes": {
            "disable_dependent_services": true,
            "disable_on_destroy": false,
            "id": "roi-takeoff-user92/iam.googleapis.com",
            "project": "roi-takeoff-user92",
            "service": "iam.googleapis.com",
            "timeouts": null
          },
          "sensitive_attributes": [],
          "private": "eyJlMmJmYjczMC1lY2FhLTExZTYtOGY4OC0zNDM2M2JjN2M0YzAiOnsiY3JlYXRlIjoxMjAwMDAwMDAwMDAwLCJkZWxldGUiOjEyMDAwMDAwMDAwMDAsInJlYWQiOjYwMDAwMDAwMDAwMCwidXBkYXRlIjoxMjAwMDAwMDAwMDAwfX0="
        }
      ]
    },
    {
      "mode": "managed",
      "type": "google_project_service",
      "name": "run",
      "provider": "provider[\"registry.terraform.io/hashicorp/google\"]",
      "instances": [
        {
          "schema_version": 0,
          "attributes": {
            "disable_dependent_services": true,
            "disable_on_destroy": false,
            "id": "roi-takeoff-user92/run.googleapis.com",
            "project": "roi-takeoff-user92",
            "service": "run.googleapis.com",
            "timeouts": null
          },
          "sensitive_attributes": [],
          "private": "eyJlMmJmYjczMC1lY2FhLTExZTYtOGY4OC0zNDM2M2JjN2M0YzAiOnsiY3JlYXRlIjoxMjAwMDAwMDAwMDAwLCJkZWxldGUiOjEyMDAwMDAwMDAwMDAsInJlYWQiOjYwMDAwMDAwMDAwMCwidXBkYXRlIjoxMjAwMDAwMDAwMDAwfX0="
        }
      ]
    },
    {
      "mode": "managed",
      "type": "google_project_service",
      "name": "usage",
      "provider": "provider[\"registry.terraform.io/hashicorp/google\"]",
      "instances": [
        {
          "schema_version": 0,
          "attributes": {
            "disable_dependent_services": true,
            "disable_on_destroy": false,
            "id": "roi-takeoff-user92/serviceusage.googleapis.com",
            "project": "roi-takeoff-user92",
            "service": "serviceusage.googleapis.com",
            "timeouts": null
          },
          "sensitive_attributes": [],
          "private": "eyJlMmJmYjczMC1lY2FhLTExZTYtOGY4OC0zNDM2M2JjN2M0YzAiOnsiY3JlYXRlIjoxMjAwMDAwMDAwMDAwLCJkZWxldGUiOjEyMDAwMDAwMDAwMDAsInJlYWQiOjYwMDAwMDAwMDAwMCwidXBkYXRlIjoxMjAwMDAwMDAwMDAwfX0=",
          "dependencies": [
            "google_project_service.crm"
          ]
        }
      ]
    },
    {
      "mode": "managed",
      "type": "google_service_account",
      "name": "tf_gen_sa",
      "provider": "provider[\"registry.terraform.io/hashicorp/google\"]",
      "instances": [
        {
          "schema_version": 0,
          "attributes": {
            "account_id": "tf-gen-sa",
            "description": "",
            "display_name": "Terraform generated SA",
            "email": "tf-gen-sa@roi-takeoff-user92.iam.gserviceaccount.com",
            "id": "projects/roi-takeoff-user92/serviceAccounts/tf-gen-sa@roi-takeoff-user92.iam.gserviceaccount.com",
            "name": "projects/roi-takeoff-user92/serviceAccounts/tf-gen-sa@roi-takeoff-user92.iam.gserviceaccount.com",
            "project": "roi-takeoff-user92",
            "unique_id": "104183523050926281443"
          },
          "sensitive_attributes": [],
          "private": "bnVsbA==",
          "dependencies": [
            "google_project_service.iam"
          ]
        }
      ]
    },
    {
      "mode": "managed",
      "type": "google_service_account_key",
      "name": "tf_gen_sa_key",
      "provider": "provider[\"registry.terraform.io/hashicorp/google\"]",
      "instances": [
        {
          "schema_version": 0,
          "attributes": {
            "id": "projects/roi-takeoff-user92/serviceAccounts/tf-gen-sa@roi-takeoff-user92.iam.gserviceaccount.com/keys/6cd9a88cde6120deafd686804b12fc5a3e13c3f3",
            "key_algorithm": "KEY_ALG_RSA_2048",
            "name": "projects/roi-takeoff-user92/serviceAccounts/tf-gen-sa@roi-takeoff-user92.iam.gserviceaccount.com/keys/6cd9a88cde6120deafd686804b12fc5a3e13c3f3",
            "pgp_key": null,
            "private_key": "ewogICJ0eXBlIjogInNlcnZpY2VfYWNjb3VudCIsCiAgInByb2plY3RfaWQiOiAicm9pLXRha2VvZmYtdXNlcjkyIiwKICAicHJpdmF0ZV9rZXlfaWQiOiAiNmNkOWE4OGNkZTYxMjBkZWFmZDY4NjgwNGIxMmZjNWEzZTEzYzNmMyIsCiAgInByaXZhdGVfa2V5IjogIi0tLS0tQkVHSU4gUFJJVkFURSBLRVktLS0tLVxuTUlJRXZRSUJBREFOQmdrcWhraUc5dzBCQVFFRkFBU0NCS2N3Z2dTakFnRUFBb0lCQVFEVjRYRU1WdU01aDdEcVxuVG8yVnRGQUhXdSt6NG1ZRHAxNnpISG83WDdQTjU0S25SR2kwQXJvSVBWMWJ2UHhFU0pQaDFvVEtwbTMvbDEyMlxuc1RWZzZpdXdXeE9UL3hkZk5oWm5EaTBaSHFNQU5MRzBIbzhFYWJFYmlvL1NhSEtUU0RkdVNFSkxuN1RmcFBHSlxubENPUVhhVWwrbmxBM1VmM0tZbEQyV1JxTm5jT2FGRXJZYlJob1Y5UFl6QW5jQjZ1b1BpbmdSVm52RmYzdm5Ta1xudHV1NGptUW5hTDFKUGJKcWNQa0ZxNHV4V2k5Tmx0Vk1INEpPTUkvYUV1MTBRSEo4UXdDRE1qMmtUR3NaTVo5K1xuRFNIUkVybUNCR2wzUEJ4NDRLVWRCSVhZenEvY0w0bGE0WDE4YS94dDVLMXd6Um1TeVVCTytwci9Gc0xMWC83eFxuWTZ0RnJySjdBZ01CQUFFQ2dnRUFQcjljSmkyYmpqWkQ3Z25MdWY3amQ3VHpIQWd3dTZPdndjWjZDYzlDOWdhVVxucXpRRHI4UVpCZS9TNHVZbjhIU0doandrU3p2V2k2VEJ4cVpvclowbDRpQm1Od1lndWpzcENXVDhVQ0ZQMnZDYVxucmVoRk54czI3WWlTTnoyVFY2aFpNczZhUEl1SFNoR2ZGeWpSNGpuSENNUmFMSEIrKzRGQkZ4bkJQdlBwcTl6ZlxuamRJVGZPakM2anl5R1N3RFJVOGl0d20xOGJBWC9pQkFZT2hFVTBBbkxkbUV4Zk1QODBSdXJZdEI4TFcwcXdRaVxuM1FlUWlQdFlTeXpTQklBcGJkbHptZzFUKzVFcUZBWXNrQUdLMkl4VEU1eXVyRzk2V1R0VElHcmxkenVGZ3FXL1xuZTRhbzJUMTdHYXpiMHNhVDY5Wmh2OWN1MktUQWJrY0xjK3JtRUhHVThRS0JnUUR4WlFuRk1UeFlJazZDQ0FJb1xuaTdOVGVtN1hidi8vNEpWNjRHSHhkV0tTWlZvcjhzc2c5aFE4QlBVckpWZXRTZytUT3lBRlVWRG9rM25KNzVtVFxuYm9tbDhobXIvUHpUeEhZNzhGbXhqaVNpUnJUZWhIRG8vWHA3Ri9sMDdEV3NpbDhmQ2xaTDZ3dTJNOGFrRkUzV1xuL3pUR21PV2xEUFFMUytXNmkyOEJJKzJzd3dLQmdRRGkwajBGZWxjMXRlNzdad3dlck5YckUxQ3NyV05KZEd6M1xuZGgwRFlFSFpiVjNmNHowSURvT0MyN0xiQ3JDUWtnSzJkZVB5TTh4S1VjNjlwTkZLNXR3N1oyVkN1ZGZIRm9YVVxuWjk5ckxJOHBucmlHVURocEVGcWRtQXl0d1ZvZVFMYjRKc21IRTF5NlpSanhtWC9TeEtkU05DOTVhcWJJamJmSVxueGNvalVSNW42UUtCZ1FEdkV2MXhNa2tzbEpXaWpPSHVYQ1czdUp0TWZGL0lnUm9xZjA0aGdQdW1PQUR0WStJdlxuKytlZ1pkeVc1YjRISDBGN3RPUUt3RFZja3FyZEI1TFhoSE9KU2RTSkZOOGxzUDdVY0QrMDdTMTFGb2dObGFmcFxuNlJuRURjTi9QRzRRTzE3bjlDbnh1SkY1MjUrUlk1YVFKMk9TaVYxdmNQdkdzRjJPdW9ldTNuR0hWd0tCZ0M2TVxueXkwMm9ITkxkVkp2SVpPaUVQei9wOHpvZ0xud2hQUjhieFBrUzE5ZURLZ0lNTnhZYmpFSytiZnVoN0lENVQ2aFxuRHprRDNHZGNScnV3K2FzUG1oOHU1eDg4bU1ZcEh5b3FielhGblZRRFdRZG5xMHdVcVNReXNsZHVtUm9nV2V5dlxudVNoWmx1eENGMDV1SEVlYlNHT2NoaW02ODZPeFFnaVlYeFhFYmlNUkFvR0FMeUJzUUZHenU5UldqWGxCUDlaNlxudCtSeE9aYnB2TmFHTXVnVDI4SkpaTDhMQ25RY1NFZVNCdHBPMjlJUW9JRStaVDRZNTh5N2pWeHFZbGIyZ3ZiS1xuYlI3eUxPc2srSmZXTW9aWGIrZVhjODlNOFJOWDRqNDBXQ1IzN1FNeFZWQmtCODg2eTQvaWFyYXQzRjJTL3YrT1xuemhHeTVlRFo5Wm9VV3hGUktpc1RIY009XG4tLS0tLUVORCBQUklWQVRFIEtFWS0tLS0tXG4iLAogICJjbGllbnRfZW1haWwiOiAidGYtZ2VuLXNhQHJvaS10YWtlb2ZmLXVzZXI5Mi5pYW0uZ3NlcnZpY2VhY2NvdW50LmNvbSIsCiAgImNsaWVudF9pZCI6ICIxMDQxODM1MjMwNTA5MjYyODE0NDMiLAogICJhdXRoX3VyaSI6ICJodHRwczovL2FjY291bnRzLmdvb2dsZS5jb20vby9vYXV0aDIvYXV0aCIsCiAgInRva2VuX3VyaSI6ICJodHRwczovL29hdXRoMi5nb29nbGVhcGlzLmNvbS90b2tlbiIsCiAgImF1dGhfcHJvdmlkZXJfeDUwOV9jZXJ0X3VybCI6ICJodHRwczovL3d3dy5nb29nbGVhcGlzLmNvbS9vYXV0aDIvdjEvY2VydHMiLAogICJjbGllbnRfeDUwOV9jZXJ0X3VybCI6ICJodHRwczovL3d3dy5nb29nbGVhcGlzLmNvbS9yb2JvdC92MS9tZXRhZGF0YS94NTA5L3RmLWdlbi1zYSU0MHJvaS10YWtlb2ZmLXVzZXI5Mi5pYW0uZ3NlcnZpY2VhY2NvdW50LmNvbSIKfQo=",
            "private_key_encrypted": null,
            "private_key_fingerprint": null,
            "private_key_type": "TYPE_GOOGLE_CREDENTIALS_FILE",
            "public_key": "LS0tLS1CRUdJTiBDRVJUSUZJQ0FURS0tLS0tCk1JSUMvRENDQWVTZ0F3SUJBZ0lJYnhsZ0w2Z2c4Y0F3RFFZSktvWklodmNOQVFFRkJRQXdJREVlTUJ3R0ExVUUKQXhNVk1UQTBNVGd6TlRJek1EVXdPVEkyTWpneE5EUXpNQ0FYRFRJeE1Ea3lPREU0TXpZd01sb1lEems1T1RreApNak14TWpNMU9UVTVXakFnTVI0d0hBWURWUVFERXhVeE1EUXhPRE0xTWpNd05UQTVNall5T0RFME5ETXdnZ0VpCk1BMEdDU3FHU0liM0RRRUJBUVVBQTRJQkR3QXdnZ0VLQW9JQkFRRFY0WEVNVnVNNWg3RHFUbzJWdEZBSFd1K3oKNG1ZRHAxNnpISG83WDdQTjU0S25SR2kwQXJvSVBWMWJ2UHhFU0pQaDFvVEtwbTMvbDEyMnNUVmc2aXV3V3hPVAoveGRmTmhabkRpMFpIcU1BTkxHMEhvOEVhYkViaW8vU2FIS1RTRGR1U0VKTG43VGZwUEdKbENPUVhhVWwrbmxBCjNVZjNLWWxEMldScU5uY09hRkVyWWJSaG9WOVBZekFuY0I2dW9QaW5nUlZudkZmM3ZuU2t0dXU0am1RbmFMMUoKUGJKcWNQa0ZxNHV4V2k5Tmx0Vk1INEpPTUkvYUV1MTBRSEo4UXdDRE1qMmtUR3NaTVo5K0RTSFJFcm1DQkdsMwpQQng0NEtVZEJJWFl6cS9jTDRsYTRYMThhL3h0NUsxd3pSbVN5VUJPK3ByL0ZzTExYLzd4WTZ0RnJySjdBZ01CCkFBR2pPREEyTUF3R0ExVWRFd0VCL3dRQ01BQXdEZ1lEVlIwUEFRSC9CQVFEQWdlQU1CWUdBMVVkSlFFQi93UU0KTUFvR0NDc0dBUVVGQndNQ01BMEdDU3FHU0liM0RRRUJCUVVBQTRJQkFRQ1dGVW1Xb2tRWTVYNnF0K0NrM05yTwpVMU5IWVNIOXdyb1RaanprWGJ1UitNSDNjelRCbExBY3BCelgwdjBMZGZXSklPMmdrbmRFVy8xOTJaaGxHbzR0CmJNK3NMeGFva2o5OSt5ajZJVHQzTXh5SEl5ZWMxS21XZmJISzhxaWZ1SEI5VHg3RjdQTHZjSWg3ZHlwMVBRSmMKRFFCeWVyVXo2VzI2UmlhQTlaMzdmR0tzdFBVcEwyZktSYzRDZ1BFYmt1NDNua0x5cExiMWFySks2b3Z5Ukt0NgpOUUdPZ3VDdmZzcXhwekE5bnc5UnpNR2dKQUcyOWxXK2RpU0FPZEc1SlhQMUV3U2lYaXVHUCt0aW5ZNkJEZ2ZFClFOTWM5Um1QN1BqbUM3QnVtZGZQejliQXV5RE5rQ2RDamYwNlJTSHMvSThYRkZ3OVVRL1gxbnNIUjExaks2b1kKLS0tLS1FTkQgQ0VSVElGSUNBVEUtLS0tLQo=",
            "public_key_type": "TYPE_X509_PEM_FILE",
            "service_account_id": "projects/roi-takeoff-user92/serviceAccounts/tf-gen-sa@roi-takeoff-user92.iam.gserviceaccount.com",
            "valid_after": "2021-09-28T18:36:02Z",
            "valid_before": "9999-12-31T23:59:59Z"
          },
          "sensitive_attributes": [],
          "private": "bnVsbA==",
          "dependencies": [
            "google_project_service.iam",
            "google_service_account.tf_gen_sa"
          ]
        }
      ]
    }
  ]
}
